
Microsoft Visual Studio Solution File, Format Version 12.00
# Visual Studio 15
VisualStudioVersion = 15.0.28010.2003
MinimumVisualStudioVersion = 10.0.40219.1
Project("{FAE04EC0-301F-11D3-BF4B-00C04F79EFBC}") = "ZarzadzanieIt", "ZarzadzanieIt\ZarzadzanieIt.csproj", "{FF84D655-5D38-4CF0-A60C-2FF8B69A56F2}"
EndProject
Global
	GlobalSection(SolutionConfigurationPlatforms) = preSolution
		Debug|Any CPU = Debug|Any CPU
		Release|Any CPU = Release|Any CPU
	EndGlobalSection
	GlobalSection(ProjectConfigurationPlatforms) = postSolution
		{FF84D655-5D38-4CF0-A60C-2FF8B69A56F2}.Debug|Any CPU.ActiveCfg = Debug|Any CPU
		{FF84D655-5D38-4CF0-A60C-2FF8B69A56F2}.Debug|Any CPU.Build.0 = Debug|Any CPU
		{FF84D655-5D38-4CF0-A60C-2FF8B69A56F2}.Release|Any CPU.ActiveCfg = Release|Any CPU
		{FF84D655-5D38-4CF0-A60C-2FF8B69A56F2}.Release|Any CPU.Build.0 = Release|Any CPU
	EndGlobalSection
	GlobalSection(SolutionProperties) = preSolution
		HideSolutionNode = FALSE
	EndGlobalSection
	GlobalSection(ExtensibilityGlobals) = postSolution
		SolutionGuid = {68525F6E-7581-4064-96EC-900B434BFED3}
	EndGlobalSection
EndGlobal
